
Microsoft Visual Studio Solution File, Format Version 12.00
# Visual Studio 14
VisualStudioVersion = 14.0.25420.1
MinimumVisualStudioVersion = 10.0.40219.1
Project("{FAE04EC0-301F-11D3-BF4B-00C04F79EFBC}") = "Exc-1", "Exc-1\Exc-1.csproj", "{0D3925E9-4828-4265-90E2-5D2647E458E9}"
EndProject
Project("{FAE04EC0-301F-11D3-BF4B-00C04F79EFBC}") = "Exc-2", "Exc-2\Exc-2.csproj", "{614B7058-7A08-4660-B434-EA4D5AE3EA63}"
EndProject
Project("{FAE04EC0-301F-11D3-BF4B-00C04F79EFBC}") = "Exc-3", "Exc-3\Exc-3.csproj", "{7441276A-8716-45F0-A0CF-979B694EE7D2}"
EndProject
Project("{FAE04EC0-301F-11D3-BF4B-00C04F79EFBC}") = "Exc-4", "Exc-4\Exc-4.csproj", "{5D7E3B5A-A946-4846-BDA5-3864F08AC2AB}"
EndProject
Project("{FAE04EC0-301F-11D3-BF4B-00C04F79EFBC}") = "Exc-5", "Exc-5\Exc-5.csproj", "{A322B0DF-53C9-423D-937C-66EA15AFE5D0}"
EndProject
Project("{FAE04EC0-301F-11D3-BF4B-00C04F79EFBC}") = "Exc-6", "Exc-6\Exc-6.csproj", "{7C106815-26C7-48E5-A7A7-AD2967E157D5}"
EndProject
Project("{FAE04EC0-301F-11D3-BF4B-00C04F79EFBC}") = "Exc-7", "Exc-7\Exc-7.csproj", "{E5DD4EC6-A11B-4A2C-A8F1-3F2FCDA148C9}"
EndProject
Project("{FAE04EC0-301F-11D3-BF4B-00C04F79EFBC}") = "Exc-8", "Exc-8\Exc-8.csproj", "{E54874A7-F301-4547-AE83-CB5C6C43CE7D}"
EndProject
Project("{FAE04EC0-301F-11D3-BF4B-00C04F79EFBC}") = "Exc-9", "Exc-9\Exc-9.csproj", "{C5A352DD-7A0B-4651-B22A-6E2439ACC18A}"
EndProject
Project("{FAE04EC0-301F-11D3-BF4B-00C04F79EFBC}") = "Exc-10", "Exc-10\Exc-10.csproj", "{FE108E56-26D0-459A-92ED-3838B196097C}"
EndProject
Project("{FAE04EC0-301F-11D3-BF4B-00C04F79EFBC}") = "Exc-11", "Exc-11\Exc-11.csproj", "{606AF1E5-4955-408F-8DEE-4372B6CBDFF3}"
EndProject
Global
	GlobalSection(SolutionConfigurationPlatforms) = preSolution
		Debug|Any CPU = Debug|Any CPU
		Release|Any CPU = Release|Any CPU
	EndGlobalSection
	GlobalSection(ProjectConfigurationPlatforms) = postSolution
		{0D3925E9-4828-4265-90E2-5D2647E458E9}.Debug|Any CPU.ActiveCfg = Debug|Any CPU
		{0D3925E9-4828-4265-90E2-5D2647E458E9}.Debug|Any CPU.Build.0 = Debug|Any CPU
		{0D3925E9-4828-4265-90E2-5D2647E458E9}.Release|Any CPU.ActiveCfg = Release|Any CPU
		{0D3925E9-4828-4265-90E2-5D2647E458E9}.Release|Any CPU.Build.0 = Release|Any CPU
		{614B7058-7A08-4660-B434-EA4D5AE3EA63}.Debug|Any CPU.ActiveCfg = Debug|Any CPU
		{614B7058-7A08-4660-B434-EA4D5AE3EA63}.Debug|Any CPU.Build.0 = Debug|Any CPU
		{614B7058-7A08-4660-B434-EA4D5AE3EA63}.Release|Any CPU.ActiveCfg = Release|Any CPU
		{614B7058-7A08-4660-B434-EA4D5AE3EA63}.Release|Any CPU.Build.0 = Release|Any CPU
		{7441276A-8716-45F0-A0CF-979B694EE7D2}.Debug|Any CPU.ActiveCfg = Debug|Any CPU
		{7441276A-8716-45F0-A0CF-979B694EE7D2}.Debug|Any CPU.Build.0 = Debug|Any CPU
		{7441276A-8716-45F0-A0CF-979B694EE7D2}.Release|Any CPU.ActiveCfg = Release|Any CPU
		{7441276A-8716-45F0-A0CF-979B694EE7D2}.Release|Any CPU.Build.0 = Release|Any CPU
		{5D7E3B5A-A946-4846-BDA5-3864F08AC2AB}.Debug|Any CPU.ActiveCfg = Debug|Any CPU
		{5D7E3B5A-A946-4846-BDA5-3864F08AC2AB}.Debug|Any CPU.Build.0 = Debug|Any CPU
		{5D7E3B5A-A946-4846-BDA5-3864F08AC2AB}.Release|Any CPU.ActiveCfg = Release|Any CPU
		{5D7E3B5A-A946-4846-BDA5-3864F08AC2AB}.Release|Any CPU.Build.0 = Release|Any CPU
		{A322B0DF-53C9-423D-937C-66EA15AFE5D0}.Debug|Any CPU.ActiveCfg = Debug|Any CPU
		{A322B0DF-53C9-423D-937C-66EA15AFE5D0}.Debug|Any CPU.Build.0 = Debug|Any CPU
		{A322B0DF-53C9-423D-937C-66EA15AFE5D0}.Release|Any CPU.ActiveCfg = Release|Any CPU
		{A322B0DF-53C9-423D-937C-66EA15AFE5D0}.Release|Any CPU.Build.0 = Release|Any CPU
		{7C106815-26C7-48E5-A7A7-AD2967E157D5}.Debug|Any CPU.ActiveCfg = Debug|Any CPU
		{7C106815-26C7-48E5-A7A7-AD2967E157D5}.Debug|Any CPU.Build.0 = Debug|Any CPU
		{7C106815-26C7-48E5-A7A7-AD2967E157D5}.Release|Any CPU.ActiveCfg = Release|Any CPU
		{7C106815-26C7-48E5-A7A7-AD2967E157D5}.Release|Any CPU.Build.0 = Release|Any CPU
		{E5DD4EC6-A11B-4A2C-A8F1-3F2FCDA148C9}.Debug|Any CPU.ActiveCfg = Debug|Any CPU
		{E5DD4EC6-A11B-4A2C-A8F1-3F2FCDA148C9}.Debug|Any CPU.Build.0 = Debug|Any CPU
		{E5DD4EC6-A11B-4A2C-A8F1-3F2FCDA148C9}.Release|Any CPU.ActiveCfg = Release|Any CPU
		{E5DD4EC6-A11B-4A2C-A8F1-3F2FCDA148C9}.Release|Any CPU.Build.0 = Release|Any CPU
		{E54874A7-F301-4547-AE83-CB5C6C43CE7D}.Debug|Any CPU.ActiveCfg = Debug|Any CPU
		{E54874A7-F301-4547-AE83-CB5C6C43CE7D}.Debug|Any CPU.Build.0 = Debug|Any CPU
		{E54874A7-F301-4547-AE83-CB5C6C43CE7D}.Release|Any CPU.ActiveCfg = Release|Any CPU
		{E54874A7-F301-4547-AE83-CB5C6C43CE7D}.Release|Any CPU.Build.0 = Release|Any CPU
		{C5A352DD-7A0B-4651-B22A-6E2439ACC18A}.Debug|Any CPU.ActiveCfg = Debug|Any CPU
		{C5A352DD-7A0B-4651-B22A-6E2439ACC18A}.Debug|Any CPU.Build.0 = Debug|Any CPU
		{C5A352DD-7A0B-4651-B22A-6E2439ACC18A}.Release|Any CPU.ActiveCfg = Release|Any CPU
		{C5A352DD-7A0B-4651-B22A-6E2439ACC18A}.Release|Any CPU.Build.0 = Release|Any CPU
		{FE108E56-26D0-459A-92ED-3838B196097C}.Debug|Any CPU.ActiveCfg = Debug|Any CPU
		{FE108E56-26D0-459A-92ED-3838B196097C}.Debug|Any CPU.Build.0 = Debug|Any CPU
		{FE108E56-26D0-459A-92ED-3838B196097C}.Release|Any CPU.ActiveCfg = Release|Any CPU
		{FE108E56-26D0-459A-92ED-3838B196097C}.Release|Any CPU.Build.0 = Release|Any CPU
		{606AF1E5-4955-408F-8DEE-4372B6CBDFF3}.Debug|Any CPU.ActiveCfg = Debug|Any CPU
		{606AF1E5-4955-408F-8DEE-4372B6CBDFF3}.Debug|Any CPU.Build.0 = Debug|Any CPU
		{606AF1E5-4955-408F-8DEE-4372B6CBDFF3}.Release|Any CPU.ActiveCfg = Release|Any CPU
		{606AF1E5-4955-408F-8DEE-4372B6CBDFF3}.Release|Any CPU.Build.0 = Release|Any CPU
	EndGlobalSection
	GlobalSection(SolutionProperties) = preSolution
		HideSolutionNode = FALSE
	EndGlobalSection
EndGlobal
