
Microsoft Visual Studio Solution File, Format Version 12.00
# Visual Studio 14
VisualStudioVersion = 14.0.25420.1
MinimumVisualStudioVersion = 10.0.40219.1
Project("{FAE04EC0-301F-11D3-BF4B-00C04F79EFBC}") = "I-1", "I-1\I-1.csproj", "{C09E86A4-FFDC-4085-AF6F-3FE19477F722}"
EndProject
Project("{FAE04EC0-301F-11D3-BF4B-00C04F79EFBC}") = "I-2", "I-2\I-2.csproj", "{4636B8BA-854F-40BF-AF13-5FCEA2932845}"
EndProject
Project("{FAE04EC0-301F-11D3-BF4B-00C04F79EFBC}") = "I-3", "I-3\I-3.csproj", "{EF6A981F-1B98-4600-8C08-691BDD178904}"
EndProject
Project("{FAE04EC0-301F-11D3-BF4B-00C04F79EFBC}") = "II-4", "II-4\II-4.csproj", "{7E4F2D09-252B-4000-AB76-4ED06B28114B}"
EndProject
Project("{FAE04EC0-301F-11D3-BF4B-00C04F79EFBC}") = "II-5", "II-5\II-5.csproj", "{6A0F8210-313C-48E3-92ED-197FA511A526}"
EndProject
Project("{FAE04EC0-301F-11D3-BF4B-00C04F79EFBC}") = "II-6", "II-6\II-6.csproj", "{47284C25-EC46-4802-A032-44BBF5F667D8}"
EndProject
Project("{FAE04EC0-301F-11D3-BF4B-00C04F79EFBC}") = "II-7", "II-7\II-7.csproj", "{21CBD5E0-D325-40C1-A975-DA275B1CC5EC}"
EndProject
Project("{FAE04EC0-301F-11D3-BF4B-00C04F79EFBC}") = "III-8", "III-8\III-8.csproj", "{AA49F525-2E90-42D9-BF7A-EE407219F6B7}"
EndProject
Project("{FAE04EC0-301F-11D3-BF4B-00C04F79EFBC}") = "III-9", "III-9\III-9.csproj", "{ABA5516C-E8E4-42CE-A08C-B562B3506903}"
EndProject
Global
	GlobalSection(SolutionConfigurationPlatforms) = preSolution
		Debug|Any CPU = Debug|Any CPU
		Release|Any CPU = Release|Any CPU
	EndGlobalSection
	GlobalSection(ProjectConfigurationPlatforms) = postSolution
		{C09E86A4-FFDC-4085-AF6F-3FE19477F722}.Debug|Any CPU.ActiveCfg = Debug|Any CPU
		{C09E86A4-FFDC-4085-AF6F-3FE19477F722}.Debug|Any CPU.Build.0 = Debug|Any CPU
		{C09E86A4-FFDC-4085-AF6F-3FE19477F722}.Release|Any CPU.ActiveCfg = Release|Any CPU
		{C09E86A4-FFDC-4085-AF6F-3FE19477F722}.Release|Any CPU.Build.0 = Release|Any CPU
		{4636B8BA-854F-40BF-AF13-5FCEA2932845}.Debug|Any CPU.ActiveCfg = Debug|Any CPU
		{4636B8BA-854F-40BF-AF13-5FCEA2932845}.Debug|Any CPU.Build.0 = Debug|Any CPU
		{4636B8BA-854F-40BF-AF13-5FCEA2932845}.Release|Any CPU.ActiveCfg = Release|Any CPU
		{4636B8BA-854F-40BF-AF13-5FCEA2932845}.Release|Any CPU.Build.0 = Release|Any CPU
		{EF6A981F-1B98-4600-8C08-691BDD178904}.Debug|Any CPU.ActiveCfg = Debug|Any CPU
		{EF6A981F-1B98-4600-8C08-691BDD178904}.Debug|Any CPU.Build.0 = Debug|Any CPU
		{EF6A981F-1B98-4600-8C08-691BDD178904}.Release|Any CPU.ActiveCfg = Release|Any CPU
		{EF6A981F-1B98-4600-8C08-691BDD178904}.Release|Any CPU.Build.0 = Release|Any CPU
		{7E4F2D09-252B-4000-AB76-4ED06B28114B}.Debug|Any CPU.ActiveCfg = Debug|Any CPU
		{7E4F2D09-252B-4000-AB76-4ED06B28114B}.Debug|Any CPU.Build.0 = Debug|Any CPU
		{7E4F2D09-252B-4000-AB76-4ED06B28114B}.Release|Any CPU.ActiveCfg = Release|Any CPU
		{7E4F2D09-252B-4000-AB76-4ED06B28114B}.Release|Any CPU.Build.0 = Release|Any CPU
		{6A0F8210-313C-48E3-92ED-197FA511A526}.Debug|Any CPU.ActiveCfg = Debug|Any CPU
		{6A0F8210-313C-48E3-92ED-197FA511A526}.Debug|Any CPU.Build.0 = Debug|Any CPU
		{6A0F8210-313C-48E3-92ED-197FA511A526}.Release|Any CPU.ActiveCfg = Release|Any CPU
		{6A0F8210-313C-48E3-92ED-197FA511A526}.Release|Any CPU.Build.0 = Release|Any CPU
		{47284C25-EC46-4802-A032-44BBF5F667D8}.Debug|Any CPU.ActiveCfg = Debug|Any CPU
		{47284C25-EC46-4802-A032-44BBF5F667D8}.Debug|Any CPU.Build.0 = Debug|Any CPU
		{47284C25-EC46-4802-A032-44BBF5F667D8}.Release|Any CPU.ActiveCfg = Release|Any CPU
		{47284C25-EC46-4802-A032-44BBF5F667D8}.Release|Any CPU.Build.0 = Release|Any CPU
		{21CBD5E0-D325-40C1-A975-DA275B1CC5EC}.Debug|Any CPU.ActiveCfg = Debug|Any CPU
		{21CBD5E0-D325-40C1-A975-DA275B1CC5EC}.Debug|Any CPU.Build.0 = Debug|Any CPU
		{21CBD5E0-D325-40C1-A975-DA275B1CC5EC}.Release|Any CPU.ActiveCfg = Release|Any CPU
		{21CBD5E0-D325-40C1-A975-DA275B1CC5EC}.Release|Any CPU.Build.0 = Release|Any CPU
		{AA49F525-2E90-42D9-BF7A-EE407219F6B7}.Debug|Any CPU.ActiveCfg = Debug|Any CPU
		{AA49F525-2E90-42D9-BF7A-EE407219F6B7}.Debug|Any CPU.Build.0 = Debug|Any CPU
		{AA49F525-2E90-42D9-BF7A-EE407219F6B7}.Release|Any CPU.ActiveCfg = Release|Any CPU
		{AA49F525-2E90-42D9-BF7A-EE407219F6B7}.Release|Any CPU.Build.0 = Release|Any CPU
		{ABA5516C-E8E4-42CE-A08C-B562B3506903}.Debug|Any CPU.ActiveCfg = Debug|Any CPU
		{ABA5516C-E8E4-42CE-A08C-B562B3506903}.Debug|Any CPU.Build.0 = Debug|Any CPU
		{ABA5516C-E8E4-42CE-A08C-B562B3506903}.Release|Any CPU.ActiveCfg = Release|Any CPU
		{ABA5516C-E8E4-42CE-A08C-B562B3506903}.Release|Any CPU.Build.0 = Release|Any CPU
	EndGlobalSection
	GlobalSection(SolutionProperties) = preSolution
		HideSolutionNode = FALSE
	EndGlobalSection
EndGlobal
